{
  "name": "assets",
  "lockfileVersion": 3,
  "requires": true,
  "packages": {
    "": {
      "dependencies": {
        "emoji-picker-element": "^1.21.3"
      }
    },
    "node_modules/emoji-picker-element": {
      "version": "1.21.3",
      "resolved": "https://registry.npmjs.org/emoji-picker-element/-/emoji-picker-element-1.21.3.tgz",
      "integrity": "sha512-o1wQmPX0+8dmp/v4BfHVSMD2x32ZmCQd5LMHpHTw1M9ltDW99P+IIPbveI7nPxwGw74TW9E6jds6Kitf14UCOg=="
    }
  }
}
